
Microsoft Visual Studio Solution File, Format Version 12.00
# Visual Studio 2012
Project("{FAE04EC0-301F-11D3-BF4B-00C04F79EFBC}") = "BB.DeepCopy", "BB.DeepCopy\BB.DeepCopy.csproj", "{B073D31F-9B1F-4929-A666-F7AE8B5DC7A4}"
EndProject
Project("{FAE04EC0-301F-11D3-BF4B-00C04F79EFBC}") = "AssemblyToProcess", "AssemblyToProcess\AssemblyToProcess.csproj", "{36B7CA78-8255-4942-9DDD-38ADAB603B5C}"
EndProject
Project("{2150E333-8FDC-42A3-9474-1A3956D46DE8}") = "Tests", "Tests", "{05DC9D29-44C8-4B2E-90D8-2D7843D4609D}"
EndProject
Project("{FAE04EC0-301F-11D3-BF4B-00C04F79EFBC}") = "Tests", "Tests\Tests.csproj", "{9465E99F-AE6B-4C76-B13B-C173929A2758}"
EndProject
Global
	GlobalSection(SolutionConfigurationPlatforms) = preSolution
		Debug|Any CPU = Debug|Any CPU
		Release|Any CPU = Release|Any CPU
	EndGlobalSection
	GlobalSection(ProjectConfigurationPlatforms) = postSolution
		{B073D31F-9B1F-4929-A666-F7AE8B5DC7A4}.Debug|Any CPU.ActiveCfg = Debug|Any CPU
		{B073D31F-9B1F-4929-A666-F7AE8B5DC7A4}.Debug|Any CPU.Build.0 = Debug|Any CPU
		{B073D31F-9B1F-4929-A666-F7AE8B5DC7A4}.Release|Any CPU.ActiveCfg = Release|Any CPU
		{B073D31F-9B1F-4929-A666-F7AE8B5DC7A4}.Release|Any CPU.Build.0 = Release|Any CPU
		{36B7CA78-8255-4942-9DDD-38ADAB603B5C}.Debug|Any CPU.ActiveCfg = Debug|Any CPU
		{36B7CA78-8255-4942-9DDD-38ADAB603B5C}.Debug|Any CPU.Build.0 = Debug|Any CPU
		{36B7CA78-8255-4942-9DDD-38ADAB603B5C}.Release|Any CPU.ActiveCfg = Release|Any CPU
		{36B7CA78-8255-4942-9DDD-38ADAB603B5C}.Release|Any CPU.Build.0 = Release|Any CPU
		{9465E99F-AE6B-4C76-B13B-C173929A2758}.Debug|Any CPU.ActiveCfg = Debug|Any CPU
		{9465E99F-AE6B-4C76-B13B-C173929A2758}.Debug|Any CPU.Build.0 = Debug|Any CPU
		{9465E99F-AE6B-4C76-B13B-C173929A2758}.Release|Any CPU.ActiveCfg = Release|Any CPU
		{9465E99F-AE6B-4C76-B13B-C173929A2758}.Release|Any CPU.Build.0 = Release|Any CPU
	EndGlobalSection
	GlobalSection(SolutionProperties) = preSolution
		HideSolutionNode = FALSE
	EndGlobalSection
	GlobalSection(NestedProjects) = preSolution
		{9465E99F-AE6B-4C76-B13B-C173929A2758} = {05DC9D29-44C8-4B2E-90D8-2D7843D4609D}
	EndGlobalSection
EndGlobal
